
Microsoft Visual Studio Solution File, Format Version 12.00
# Visual Studio Version 16
VisualStudioVersion = 16.0.31729.503
MinimumVisualStudioVersion = 10.0.40219.1
Project("{FAE04EC0-301F-11D3-BF4B-00C04F79EFBC}") = "TrabalhoPratico_1", "TrabalhoPratico_1.csproj", "{74046B68-5952-4ADB-ABC0-24CBF5EACA2E}"
EndProject
Global
	GlobalSection(SolutionConfigurationPlatforms) = preSolution
		Debug|Any CPU = Debug|Any CPU
		Release|Any CPU = Release|Any CPU
	EndGlobalSection
	GlobalSection(ProjectConfigurationPlatforms) = postSolution
		{74046B68-5952-4ADB-ABC0-24CBF5EACA2E}.Debug|Any CPU.ActiveCfg = Debug|Any CPU
		{74046B68-5952-4ADB-ABC0-24CBF5EACA2E}.Debug|Any CPU.Build.0 = Debug|Any CPU
		{74046B68-5952-4ADB-ABC0-24CBF5EACA2E}.Release|Any CPU.ActiveCfg = Release|Any CPU
		{74046B68-5952-4ADB-ABC0-24CBF5EACA2E}.Release|Any CPU.Build.0 = Release|Any CPU
	EndGlobalSection
	GlobalSection(SolutionProperties) = preSolution
		HideSolutionNode = FALSE
	EndGlobalSection
	GlobalSection(ExtensibilityGlobals) = postSolution
		SolutionGuid = {2E9CC539-73CF-4B30-8CAD-CC8773900601}
	EndGlobalSection
EndGlobal
